
Microsoft Visual Studio Solution File, Format Version 12.00
# Visual Studio Version 16
VisualStudioVersion = 25.0.1706.4
MinimumVisualStudioVersion = 10.0.40219.1
Project("{FAE04EC0-301F-11D3-BF4B-00C04F79EFBC}") = "DittoXamarinAndroidTasksApp", "DittoXamarinAndroidTasksApp.csproj", "{686A47D4-A12C-4DD1-A2BA-6C9A9FF69CEA}"
EndProject
Global
	GlobalSection(SolutionConfigurationPlatforms) = preSolution
		Debug|Any CPU = Debug|Any CPU
		Release|Any CPU = Release|Any CPU
	EndGlobalSection
	GlobalSection(ProjectConfigurationPlatforms) = postSolution
		{686A47D4-A12C-4DD1-A2BA-6C9A9FF69CEA}.Debug|Any CPU.ActiveCfg = Debug|Any CPU
		{686A47D4-A12C-4DD1-A2BA-6C9A9FF69CEA}.Debug|Any CPU.Build.0 = Debug|Any CPU
		{686A47D4-A12C-4DD1-A2BA-6C9A9FF69CEA}.Release|Any CPU.ActiveCfg = Release|Any CPU
		{686A47D4-A12C-4DD1-A2BA-6C9A9FF69CEA}.Release|Any CPU.Build.0 = Release|Any CPU
	EndGlobalSection
	GlobalSection(SolutionProperties) = preSolution
		HideSolutionNode = FALSE
	EndGlobalSection
	GlobalSection(ExtensibilityGlobals) = postSolution
		SolutionGuid = {C8D31574-158E-4615-B723-C44ADCC5346E}
	EndGlobalSection
EndGlobal
